
Microsoft Visual Studio Solution File, Format Version 12.00
# Visual Studio 15
Project("{FAE04EC0-301F-11D3-BF4B-00C04F79EFBC}") = "Assembly-CSharp", "Assembly-CSharp.csproj", "{CE9D70A3-5993-C043-C208-B1E98B0009D5}"
EndProject
Project("{FAE04EC0-301F-11D3-BF4B-00C04F79EFBC}") = "Assembly-CSharp-Editor", "Assembly-CSharp-Editor.csproj", "{F195AA58-D326-852E-167E-100332569494}"
EndProject
Global
	GlobalSection(SolutionConfigurationPlatforms) = preSolution
		Debug|Any CPU = Debug|Any CPU
		Release|Any CPU = Release|Any CPU
	EndGlobalSection
	GlobalSection(ProjectConfigurationPlatforms) = postSolution
		{CE9D70A3-5993-C043-C208-B1E98B0009D5}.Debug|Any CPU.ActiveCfg = Debug|Any CPU
		{CE9D70A3-5993-C043-C208-B1E98B0009D5}.Debug|Any CPU.Build.0 = Debug|Any CPU
		{CE9D70A3-5993-C043-C208-B1E98B0009D5}.Release|Any CPU.ActiveCfg = Release|Any CPU
		{CE9D70A3-5993-C043-C208-B1E98B0009D5}.Release|Any CPU.Build.0 = Release|Any CPU
		{F195AA58-D326-852E-167E-100332569494}.Debug|Any CPU.ActiveCfg = Debug|Any CPU
		{F195AA58-D326-852E-167E-100332569494}.Debug|Any CPU.Build.0 = Debug|Any CPU
		{F195AA58-D326-852E-167E-100332569494}.Release|Any CPU.ActiveCfg = Release|Any CPU
		{F195AA58-D326-852E-167E-100332569494}.Release|Any CPU.Build.0 = Release|Any CPU
	EndGlobalSection
	GlobalSection(SolutionProperties) = preSolution
		HideSolutionNode = FALSE
	EndGlobalSection
EndGlobal
